// !$*UTF8*$!
{
	archiveVersion = 1;
	classes = {
	};
	objectVersion = 46;
	objects = {

/* Begin PBXBuildFile section */
		142A59FA1C75FDF80059BCE0 /* main.m in Sources */ = {isa = PBXBuildFile; fileRef = 142A59F91C75FDF80059BCE0 /* main.m */; };
		142A59FD1C75FDF80059BCE0 /* AppDelegate.m in Sources */ = {isa = PBXBuildFile; fileRef = 142A59FC1C75FDF80059BCE0 /* AppDelegate.m */; };
		142A5A001C75FDF80059BCE0 /* ViewController.m in Sources */ = {isa = PBXBuildFile; fileRef = 142A59FF1C75FDF80059BCE0 /* ViewController.m */; };
		142A5A051C75FDF80059BCE0 /* Assets.xcassets in Resources */ = {isa = PBXBuildFile; fileRef = 142A5A041C75FDF80059BCE0 /* Assets.xcassets */; };
		142A5A081C75FDF80059BCE0 /* LaunchScreen.storyboard in Resources */ = {isa = PBXBuildFile; fileRef = 142A5A061C75FDF80059BCE0 /* LaunchScreen.storyboard */; };
		149AF9171C760E1700AE30E5 /* UIView+Extension.m in Sources */ = {isa = PBXBuildFile; fileRef = 149AF9161C760E1700AE30E5 /* UIView+Extension.m */; };
		14D8924E1C780F9C00DA3448 /* ZQLoopScrollView.m in Sources */ = {isa = PBXBuildFile; fileRef = 14D8924D1C780F9C00DA3448 /* ZQLoopScrollView.m */; };
		14D892511C78304700DA3448 /* ZQLoadImageView.m in Sources */ = {isa = PBXBuildFile; fileRef = 14D892501C78304700DA3448 /* ZQLoadImageView.m */; };
		14D892541C78328200DA3448 /* ZQPageControl.m in Sources */ = {isa = PBXBuildFile; fileRef = 14D892531C78328200DA3448 /* ZQPageControl.m */; };
		14FD81691C7601F70081D2F2 /* h1.jpg in Resources */ = {isa = PBXBuildFile; fileRef = 14FD81651C7601F70081D2F2 /* h1.jpg */; };
		14FD816A1C7601F70081D2F2 /* h2.jpg in Resources */ = {isa = PBXBuildFile; fileRef = 14FD81661C7601F70081D2F2 /* h2.jpg */; };
		14FD816B1C7601F70081D2F2 /* h3.jpg in Resources */ = {isa = PBXBuildFile; fileRef = 14FD81671C7601F70081D2F2 /* h3.jpg */; };
		14FD816C1C7601F70081D2F2 /* h4.jpg in Resources */ = {isa = PBXBuildFile; fileRef = 14FD81681C7601F70081D2F2 /* h4.jpg */; };
		90CC282FAD43AE2D88544148 /* libPods-ZQLoopScrollView.a in Frameworks */ = {isa = PBXBuildFile; fileRef = 06F181594F5F6718140BAB89 /* libPods-ZQLoopScrollView.a */; };
/* End PBXBuildFile section */

/* Begin PBXFileReference section */
		06F181594F5F6718140BAB89 /* libPods-ZQLoopScrollView.a */ = {isa = PBXFileReference; explicitFileType = archive.ar; includeInIndex = 0; path = "libPods-ZQLoopScrollView.a"; sourceTree = BUILT_PRODUCTS_DIR; };
		142A59F51C75FDF80059BCE0 /* ZQLoopScrollView.app */ = {isa = PBXFileReference; explicitFileType = wrapper.application; includeInIndex = 0; path = ZQLoopScrollView.app; sourceTree = BUILT_PRODUCTS_DIR; };
		142A59F91C75FDF80059BCE0 /* main.m */ = {isa = PBXFileReference; lastKnownFileType = sourcecode.c.objc; path = main.m; sourceTree = "<group>"; };
		142A59FB1C75FDF80059BCE0 /* AppDelegate.h */ = {isa = PBXFileReference; lastKnownFileType = sourcecode.c.h; path = AppDelegate.h; sourceTree = "<group>"; };
		142A59FC1C75FDF80059BCE0 /* AppDelegate.m */ = {isa = PBXFileReference; lastKnownFileType = sourcecode.c.objc; path = AppDelegate.m; sourceTree = "<group>"; };
		142A59FE1C75FDF80059BCE0 /* ViewController.h */ = {isa = PBXFileReference; lastKnownFileType = sourcecode.c.h; path = ViewController.h; sourceTree = "<group>"; };
		142A59FF1C75FDF80059BCE0 /* ViewController.m */ = {isa = PBXFileReference; lastKnownFileType = sourcecode.c.objc; path = ViewController.m; sourceTree = "<group>"; };
		142A5A041C75FDF80059BCE0 /* Assets.xcassets */ = {isa = PBXFileReference; lastKnownFileType = folder.assetcatalog; path = Assets.xcassets; sourceTree = "<group>"; };
		142A5A071C75FDF80059BCE0 /* Base */ = {isa = PBXFileReference; lastKnownFileType = file.storyboard; name = Base; path = Base.lproj/LaunchScreen.storyboard; sourceTree = "<group>"; };
		142A5A091C75FDF80059BCE0 /* Info.plist */ = {isa = PBXFileReference; lastKnownFileType = text.plist.xml; path = Info.plist; sourceTree = "<group>"; };
		149AF9151C760E1700AE30E5 /* UIView+Extension.h */ = {isa = PBXFileReference; fileEncoding = 4; lastKnownFileType = sourcecode.c.h; path = "UIView+Extension.h"; sourceTree = "<group>"; };
		149AF9161C760E1700AE30E5 /* UIView+Extension.m */ = {isa = PBXFileReference; fileEncoding = 4; lastKnownFileType = sourcecode.c.objc; path = "UIView+Extension.m"; sourceTree = "<group>"; };
		14D8924C1C780F9C00DA3448 /* ZQLoopScrollView.h */ = {isa = PBXFileReference; fileEncoding = 4; lastKnownFileType = sourcecode.c.h; path = ZQLoopScrollView.h; sourceTree = "<group>"; };
		14D8924D1C780F9C00DA3448 /* ZQLoopScrollView.m */ = {isa = PBXFileReference; fileEncoding = 4; lastKnownFileType = sourcecode.c.objc; path = ZQLoopScrollView.m; sourceTree = "<group>"; };
		14D8924F1C78304700DA3448 /* ZQLoadImageView.h */ = {isa = PBXFileReference; fileEncoding = 4; lastKnownFileType = sourcecode.c.h; path = ZQLoadImageView.h; sourceTree = "<group>"; };
		14D892501C78304700DA3448 /* ZQLoadImageView.m */ = {isa = PBXFileReference; fileEncoding = 4; lastKnownFileType = sourcecode.c.objc; path = ZQLoadImageView.m; sourceTree = "<group>"; };
		14D892521C78328200DA3448 /* ZQPageControl.h */ = {isa = PBXFileReference; fileEncoding = 4; lastKnownFileType = sourcecode.c.h; path = ZQPageControl.h; sourceTree = "<group>"; };
		14D892531C78328200DA3448 /* ZQPageControl.m */ = {isa = PBXFileReference; fileEncoding = 4; lastKnownFileType = sourcecode.c.objc; path = ZQPageControl.m; sourceTree = "<group>"; };
		14FD81651C7601F70081D2F2 /* h1.jpg */ = {isa = PBXFileReference; lastKnownFileType = image.jpeg; path = h1.jpg; sourceTree = "<group>"; };
		14FD81661C7601F70081D2F2 /* h2.jpg */ = {isa = PBXFileReference; lastKnownFileType = image.jpeg; path = h2.jpg; sourceTree = "<group>"; };
		14FD81671C7601F70081D2F2 /* h3.jpg */ = {isa = PBXFileReference; lastKnownFileType = image.jpeg; path = h3.jpg; sourceTree = "<group>"; };
		14FD81681C7601F70081D2F2 /* h4.jpg */ = {isa = PBXFileReference; lastKnownFileType = image.jpeg; path = h4.jpg; sourceTree = "<group>"; };
		1BC32D4FC02ED904163F5FED /* Pods-ZQLoopScrollView.debug.xcconfig */ = {isa = PBXFileReference; includeInIndex = 1; lastKnownFileType = text.xcconfig; name = "Pods-ZQLoopScrollView.debug.xcconfig"; path = "Pods/Target Support Files/Pods-ZQLoopScrollView/Pods-ZQLoopScrollView.debug.xcconfig"; sourceTree = "<group>"; };
		934427FF129EBCA9D3EA1921 /* Pods-ZQLoopScrollView.release.xcconfig */ = {isa = PBXFileReference; includeInIndex = 1; lastKnownFileType = text.xcconfig; name = "Pods-ZQLoopScrollView.release.xcconfig"; path = "Pods/Target Support Files/Pods-ZQLoopScrollView/Pods-ZQLoopScrollView.release.xcconfig"; sourceTree = "<group>"; };
/* End PBXFileReference section */

/* Begin PBXFrameworksBuildPhase section */
		142A59F21C75FDF80059BCE0 /* Frameworks */ = {
			isa = PBXFrameworksBuildPhase;
			buildActionMask = 2147483647;
			files = (
				90CC282FAD43AE2D88544148 /* libPods-ZQLoopScrollView.a in Frameworks */,
			);
			runOnlyForDeploymentPostprocessing = 0;
		};
/* End PBXFrameworksBuildPhase section */

/* Begin PBXGroup section */
		142A59EC1C75FDF80059BCE0 = {
			isa = PBXGroup;
			children = (
				142A59F71C75FDF80059BCE0 /* ZQLoopScrollView */,
				142A59F61C75FDF80059BCE0 /* Products */,
				16AFD0DE00BB63A3CF0349CC /* Pods */,
				2F7FD8136C794375804B91A2 /* Frameworks */,
			);
			sourceTree = "<group>";
		};
		142A59F61C75FDF80059BCE0 /* Products */ = {
			isa = PBXGroup;
			children = (
				142A59F51C75FDF80059BCE0 /* ZQLoopScrollView.app */,
			);
			name = Products;
			sourceTree = "<group>";
		};
		142A59F71C75FDF80059BCE0 /* ZQLoopScrollView */ = {
			isa = PBXGroup;
			children = (
				14FD81641C7601D50081D2F2 /* ZQLoopScrollView */,
				142A59FB1C75FDF80059BCE0 /* AppDelegate.h */,
				142A59FC1C75FDF80059BCE0 /* AppDelegate.m */,
				142A59FE1C75FDF80059BCE0 /* ViewController.h */,
				142A59FF1C75FDF80059BCE0 /* ViewController.m */,
				142A5A041C75FDF80059BCE0 /* Assets.xcassets */,
				142A5A061C75FDF80059BCE0 /* LaunchScreen.storyboard */,
				142A5A091C75FDF80059BCE0 /* Info.plist */,
				142A59F81C75FDF80059BCE0 /* Supporting Files */,
			);
			path = ZQLoopScrollView;
			sourceTree = "<group>";
		};
		142A59F81C75FDF80059BCE0 /* Supporting Files */ = {
			isa = PBXGroup;
			children = (
				14FD81651C7601F70081D2F2 /* h1.jpg */,
				14FD81661C7601F70081D2F2 /* h2.jpg */,
				14FD81671C7601F70081D2F2 /* h3.jpg */,
				14FD81681C7601F70081D2F2 /* h4.jpg */,
				142A59F91C75FDF80059BCE0 /* main.m */,
			);
			name = "Supporting Files";
			sourceTree = "<group>";
		};
		14FD81641C7601D50081D2F2 /* ZQLoopScrollView */ = {
			isa = PBXGroup;
			children = (
				149AF9151C760E1700AE30E5 /* UIView+Extension.h */,
				149AF9161C760E1700AE30E5 /* UIView+Extension.m */,
				14D8924C1C780F9C00DA3448 /* ZQLoopScrollView.h */,
				14D8924D1C780F9C00DA3448 /* ZQLoopScrollView.m */,
				14D8924F1C78304700DA3448 /* ZQLoadImageView.h */,
				14D892501C78304700DA3448 /* ZQLoadImageView.m */,
				14D892521C78328200DA3448 /* ZQPageControl.h */,
				14D892531C78328200DA3448 /* ZQPageControl.m */,
			);
			path = ZQLoopScrollView;
			sourceTree = "<group>";
		};
		16AFD0DE00BB63A3CF0349CC /* Pods */ = {
			isa = PBXGroup;
			children = (
				1BC32D4FC02ED904163F5FED /* Pods-ZQLoopScrollView.debug.xcconfig */,
				934427FF129EBCA9D3EA1921 /* Pods-ZQLoopScrollView.release.xcconfig */,
			);
			name = Pods;
			sourceTree = "<group>";
		};
		2F7FD8136C794375804B91A2 /* Frameworks */ = {
			isa = PBXGroup;
			children = (
				06F181594F5F6718140BAB89 /* libPods-ZQLoopScrollView.a */,
			);
			name = Frameworks;
			sourceTree = "<group>";
		};
/* End PBXGroup section */

/* Begin PBXNativeTarget section */
		142A59F41C75FDF80059BCE0 /* ZQLoopScrollView */ = {
			isa = PBXNativeTarget;
			buildConfigurationList = 142A5A0C1C75FDF80059BCE0 /* Build configuration list for PBXNativeTarget "ZQLoopScrollView" */;
			buildPhases = (
				F7AA2D170768CB0C7CA59632 /* Check Pods Manifest.lock */,
				142A59F11C75FDF80059BCE0 /* Sources */,
				142A59F21C75FDF80059BCE0 /* Frameworks */,
				142A59F31C75FDF80059BCE0 /* Resources */,
				70634F7C3286AB72D728B07E /* Embed Pods Frameworks */,
				F7B7E0D8C7F2131A056CA49B /* Copy Pods Resources */,
			);
			buildRules = (
			);
			dependencies = (
			);
			name = ZQLoopScrollView;
			productName = ZQLoopScrollView;
			productReference = 142A59F51C75FDF80059BCE0 /* ZQLoopScrollView.app */;
			productType = "com.apple.product-type.application";
		};
/* End PBXNativeTarget section */

/* Begin PBXProject section */
		142A59ED1C75FDF80059BCE0 /* Project object */ = {
			isa = PBXProject;
			attributes = {
				LastUpgradeCheck = 0720;
				ORGANIZATIONNAME = Seven;
				TargetAttributes = {
					142A59F41C75FDF80059BCE0 = {
						CreatedOnToolsVersion = 7.2;
						DevelopmentTeam = 6C66BZZGE4;
					};
				};
			};
			buildConfigurationList = 142A59F01C75FDF80059BCE0 /* Build configuration list for PBXProject "ZQLoopScrollView" */;
			compatibilityVersion = "Xcode 3.2";
			developmentRegion = English;
			hasScannedForEncodings = 0;
			knownRegions = (
				en,
				Base,
			);
			mainGroup = 142A59EC1C75FDF80059BCE0;
			productRefGroup = 142A59F61C75FDF80059BCE0 /* Products */;
			projectDirPath = "";
			projectRoot = "";
			targets = (
				142A59F41C75FDF80059BCE0 /* ZQLoopScrollView */,
			);
		};
/* End PBXProject section */

/* Begin PBXResourcesBuildPhase section */
		142A59F31C75FDF80059BCE0 /* Resources */ = {
			isa = PBXResourcesBuildPhase;
			buildActionMask = 2147483647;
			files = (
				14FD816A1C7601F70081D2F2 /* h2.jpg in Resources */,
				142A5A081C75FDF80059BCE0 /* LaunchScreen.storyboard in Resources */,
				14FD816B1C7601F70081D2F2 /* h3.jpg in Resources */,
				142A5A051C75FDF80059BCE0 /* Assets.xcassets in Resources */,
				14FD816C1C7601F70081D2F2 /* h4.jpg in Resources */,
				14FD81691C7601F70081D2F2 /* h1.jpg in Resources */,
			);
			runOnlyForDeploymentPostprocessing = 0;
		};
/* End PBXResourcesBuildPhase section */

/* Begin PBXShellScriptBuildPhase section */
		70634F7C3286AB72D728B07E /* Embed Pods Frameworks */ = {
			isa = PBXShellScriptBuildPhase;
			buildActionMask = 2147483647;
			files = (
			);
			inputPaths = (
			);
			name = "Embed Pods Frameworks";
			outputPaths = (
			);
			runOnlyForDeploymentPostprocessing = 0;
			shellPath = /bin/sh;
			shellScript = "\"${SRCROOT}/Pods/Target Support Files/Pods-ZQLoopScrollView/Pods-ZQLoopScrollView-frameworks.sh\"\n";
			showEnvVarsInLog = 0;
		};
		F7AA2D170768CB0C7CA59632 /* Check Pods Manifest.lock */ = {
			isa = PBXShellScriptBuildPhase;
			buildActionMask = 2147483647;
			files = (
			);
			inputPaths = (
			);
			name = "Check Pods Manifest.lock";
			outputPaths = (
			);
			runOnlyForDeploymentPostprocessing = 0;
			shellPath = /bin/sh;
			shellScript = "diff \"${PODS_ROOT}/../Podfile.lock\" \"${PODS_ROOT}/Manifest.lock\" > /dev/null\nif [[ $? != 0 ]] ; then\n    cat << EOM\nerror: The sandbox is not in sync with the Podfile.lock. Run 'pod install' or update your CocoaPods installation.\nEOM\n    exit 1\nfi\n";
			showEnvVarsInLog = 0;
		};
		F7B7E0D8C7F2131A056CA49B /* Copy Pods Resources */ = {
			isa = PBXShellScriptBuildPhase;
			buildActionMask = 2147483647;
			files = (
			);
			inputPaths = (
			);
			name = "Copy Pods Resources";
			outputPaths = (
			);
			runOnlyForDeploymentPostprocessing = 0;
			shellPath = /bin/sh;
			shellScript = "\"${SRCROOT}/Pods/Target Support Files/Pods-ZQLoopScrollView/Pods-ZQLoopScrollView-resources.sh\"\n";
			showEnvVarsInLog = 0;
		};
/* End PBXShellScriptBuildPhase section */

/* Begin PBXSourcesBuildPhase section */
		142A59F11C75FDF80059BCE0 /* Sources */ = {
			isa = PBXSourcesBuildPhase;
			buildActionMask = 2147483647;
			files = (
				142A5A001C75FDF80059BCE0 /* ViewController.m in Sources */,
				14D892511C78304700DA3448 /* ZQLoadImageView.m in Sources */,
				142A59FD1C75FDF80059BCE0 /* AppDelegate.m in Sources */,
				14D8924E1C780F9C00DA3448 /* ZQLoopScrollView.m in Sources */,
				149AF9171C760E1700AE30E5 /* UIView+Extension.m in Sources */,
				142A59FA1C75FDF80059BCE0 /* main.m in Sources */,
				14D892541C78328200DA3448 /* ZQPageControl.m in Sources */,
			);
			runOnlyForDeploymentPostprocessing = 0;
		};
/* End PBXSourcesBuildPhase section */

/* Begin PBXVariantGroup section */
		142A5A061C75FDF80059BCE0 /* LaunchScreen.storyboard */ = {
			isa = PBXVariantGroup;
			children = (
				142A5A071C75FDF80059BCE0 /* Base */,
			);
			name = LaunchScreen.storyboard;
			sourceTree = "<group>";
		};
/* End PBXVariantGroup section */

/* Begin XCBuildConfiguration section */
		142A5A0A1C75FDF80059BCE0 /* Debug */ = {
			isa = XCBuildConfiguration;
			buildSettings = {
				ALWAYS_SEARCH_USER_PATHS = NO;
				CLANG_CXX_LANGUAGE_STANDARD = "gnu++0x";
				CLANG_CXX_LIBRARY = "libc++";
				CLANG_ENABLE_MODULES = YES;
				CLANG_ENABLE_OBJC_ARC = YES;
				CLANG_WARN_BOOL_CONVERSION = YES;
				CLANG_WARN_CONSTANT_CONVERSION = YES;
				CLANG_WARN_DIRECT_OBJC_ISA_USAGE = YES_ERROR;
				CLANG_WARN_EMPTY_BODY = YES;
				CLANG_WARN_ENUM_CONVERSION = YES;
				CLANG_WARN_INT_CONVERSION = YES;
				CLANG_WARN_OBJC_ROOT_CLASS = YES_ERROR;
				CLANG_WARN_UNREACHABLE_CODE = YES;
				CLANG_WARN__DUPLICATE_METHOD_MATCH = YES;
				"CODE_SIGN_IDENTITY[sdk=iphoneos*]" = "iPhone Developer";
				COPY_PHASE_STRIP = NO;
				DEBUG_INFORMATION_FORMAT = dwarf;
				ENABLE_STRICT_OBJC_MSGSEND = YES;
				ENABLE_TESTABILITY = YES;
				GCC_C_LANGUAGE_STANDARD = gnu99;
				GCC_DYNAMIC_NO_PIC = NO;
				GCC_NO_COMMON_BLOCKS = YES;
				GCC_OPTIMIZATION_LEVEL = 0;
				GCC_PREPROCESSOR_DEFINITIONS = (
					"DEBUG=1",
					"$(inherited)",
				);
				GCC_WARN_64_TO_32_BIT_CONVERSION = YES;
				GCC_WARN_ABOUT_RETURN_TYPE = YES_ERROR;
				GCC_WARN_UNDECLARED_SELECTOR = YES;
				GCC_WARN_UNINITIALIZED_AUTOS = YES_AGGRESSIVE;
				GCC_WARN_UNUSED_FUNCTION = YES;
				GCC_WARN_UNUSED_VARIABLE = YES;
				IPHONEOS_DEPLOYMENT_TARGET = 9.2;
				MTL_ENABLE_DEBUG_INFO = YES;
				ONLY_ACTIVE_ARCH = YES;
				SDKROOT = iphoneos;
			};
			name = Debug;
		};
		142A5A0B1C75FDF80059BCE0 /* Release */ = {
			isa = XCBuildConfiguration;
			buildSettings = {
				ALWAYS_SEARCH_USER_PATHS = NO;
				CLANG_CXX_LANGUAGE_STANDARD = "gnu++0x";
				CLANG_CXX_LIBRARY = "libc++";
				CLANG_ENABLE_MODULES = YES;
				CLANG_ENABLE_OBJC_ARC = YES;
				CLANG_WARN_BOOL_CONVERSION = YES;
				CLANG_WARN_CONSTANT_CONVERSION = YES;
				CLANG_WARN_DIRECT_OBJC_ISA_USAGE = YES_ERROR;
				CLANG_WARN_EMPTY_BODY = YES;
				CLANG_WARN_ENUM_CONVERSION = YES;
				CLANG_WARN_INT_CONVERSION = YES;
				CLANG_WARN_OBJC_ROOT_CLASS = YES_ERROR;
				CLANG_WARN_UNREACHABLE_CODE = YES;
				CLANG_WARN__DUPLICATE_METHOD_MATCH = YES;
				"CODE_SIGN_IDENTITY[sdk=iphoneos*]" = "iPhone Developer";
				COPY_PHASE_STRIP = NO;
				DEBUG_INFORMATION_FORMAT = "dwarf-with-dsym";
				ENABLE_NS_ASSERTIONS = NO;
				ENABLE_STRICT_OBJC_MSGSEND = YES;
				GCC_C_LANGUAGE_STANDARD = gnu99;
				GCC_NO_COMMON_BLOCKS = YES;
				GCC_WARN_64_TO_32_BIT_CONVERSION = YES;
				GCC_WARN_ABOUT_RETURN_TYPE = YES_ERROR;
				GCC_WARN_UNDECLARED_SELECTOR = YES;
				GCC_WARN_UNINITIALIZED_AUTOS = YES_AGGRESSIVE;
				GCC_WARN_UNUSED_FUNCTION = YES;
				GCC_WARN_UNUSED_VARIABLE = YES;
				IPHONEOS_DEPLOYMENT_TARGET = 9.2;
				MTL_ENABLE_DEBUG_INFO = NO;
				SDKROOT = iphoneos;
				VALIDATE_PRODUCT = YES;
			};
			name = Release;
		};
		142A5A0D1C75FDF80059BCE0 /* Debug */ = {
			isa = XCBuildConfiguration;
			baseConfigurationReference = 1BC32D4FC02ED904163F5FED /* Pods-ZQLoopScrollView.debug.xcconfig */;
			buildSettings = {
				ASSETCATALOG_COMPILER_APPICON_NAME = AppIcon;
				INFOPLIST_FILE = ZQLoopScrollView/Info.plist;
				LD_RUNPATH_SEARCH_PATHS = "$(inherited) @executable_path/Frameworks";
				PRODUCT_BUNDLE_IDENTIFIER = cn.seven.com.ZQLoopScrollView;
				PRODUCT_NAME = "$(TARGET_NAME)";
			};
			name = Debug;
		};
		142A5A0E1C75FDF80059BCE0 /* Release */ = {
			isa = XCBuildConfiguration;
			baseConfigurationReference = 934427FF129EBCA9D3EA1921 /* Pods-ZQLoopScrollView.release.xcconfig */;
			buildSettings = {
				ASSETCATALOG_COMPILER_APPICON_NAME = AppIcon;
				INFOPLIST_FILE = ZQLoopScrollView/Info.plist;
				LD_RUNPATH_SEARCH_PATHS = "$(inherited) @executable_path/Frameworks";
				PRODUCT_BUNDLE_IDENTIFIER = cn.seven.com.ZQLoopScrollView;
				PRODUCT_NAME = "$(TARGET_NAME)";
			};
			name = Release;
		};
/* End XCBuildConfiguration section */

/* Begin XCConfigurationList section */
		142A59F01C75FDF80059BCE0 /* Build configuration list for PBXProject "ZQLoopScrollView" */ = {
			isa = XCConfigurationList;
			buildConfigurations = (
				142A5A0A1C75FDF80059BCE0 /* Debug */,
				142A5A0B1C75FDF80059BCE0 /* Release */,
			);
			defaultConfigurationIsVisible = 0;
			defaultConfigurationName = Release;
		};
		142A5A0C1C75FDF80059BCE0 /* Build configuration list for PBXNativeTarget "ZQLoopScrollView" */ = {
			isa = XCConfigurationList;
			buildConfigurations = (
				142A5A0D1C75FDF80059BCE0 /* Debug */,
				142A5A0E1C75FDF80059BCE0 /* Release */,
			);
			defaultConfigurationIsVisible = 0;
			defaultConfigurationName = Release;
		};
/* End XCConfigurationList section */
	};
	rootObject = 142A59ED1C75FDF80059BCE0 /* Project object */;
}
